// !$*UTF8*$!
{
	archiveVersion = 1;
	classes = {
	};
	objectVersion = 48;
	objects = {

/* Begin PBXBuildFile section */
		A3CBB75A200717D700D6A2D5 /* AppDelegate.swift in Sources */ = {isa = PBXBuildFile; fileRef = A3CBB759200717D700D6A2D5 /* AppDelegate.swift */; };
		A3CBB75C200717D700D6A2D5 /* ViewController.swift in Sources */ = {isa = PBXBuildFile; fileRef = A3CBB75B200717D700D6A2D5 /* ViewController.swift */; };
		A3CBB75F200717D800D6A2D5 /* Main.storyboard in Resources */ = {isa = PBXBuildFile; fileRef = A3CBB75D200717D800D6A2D5 /* Main.storyboard */; };
		A3CBB761200717D800D6A2D5 /* Assets.xcassets in Resources */ = {isa = PBXBuildFile; fileRef = A3CBB760200717D800D6A2D5 /* Assets.xcassets */; };
		A3CBB764200717D800D6A2D5 /* LaunchScreen.storyboard in Resources */ = {isa = PBXBuildFile; fileRef = A3CBB762200717D800D6A2D5 /* LaunchScreen.storyboard */; };
		A3CBB76F200717D800D6A2D5 /* TableViewExampleTests.swift in Sources */ = {isa = PBXBuildFile; fileRef = A3CBB76E200717D800D6A2D5 /* TableViewExampleTests.swift */; };
		A3CBB77A200717D800D6A2D5 /* TableViewExampleUITests.swift in Sources */ = {isa = PBXBuildFile; fileRef = A3CBB779200717D800D6A2D5 /* TableViewExampleUITests.swift */; };
/* End PBXBuildFile section */

/* Begin PBXContainerItemProxy section */
		A3CBB76B200717D800D6A2D5 /* PBXContainerItemProxy */ = {
			isa = PBXContainerItemProxy;
			containerPortal = A3CBB74E200717D700D6A2D5 /* Project object */;
			proxyType = 1;
			remoteGlobalIDString = A3CBB755200717D700D6A2D5;
			remoteInfo = TableViewExample;
		};
		A3CBB776200717D800D6A2D5 /* PBXContainerItemProxy */ = {
			isa = PBXContainerItemProxy;
			containerPortal = A3CBB74E200717D700D6A2D5 /* Project object */;
			proxyType = 1;
			remoteGlobalIDString = A3CBB755200717D700D6A2D5;
			remoteInfo = TableViewExample;
		};
/* End PBXContainerItemProxy section */

/* Begin PBXFileReference section */
		A3CBB756200717D700D6A2D5 /* TableViewExample.app */ = {isa = PBXFileReference; explicitFileType = wrapper.application; includeInIndex = 0; path = TableViewExample.app; sourceTree = BUILT_PRODUCTS_DIR; };
		A3CBB759200717D700D6A2D5 /* AppDelegate.swift */ = {isa = PBXFileReference; lastKnownFileType = sourcecode.swift; path = AppDelegate.swift; sourceTree = "<group>"; };
		A3CBB75B200717D700D6A2D5 /* ViewController.swift */ = {isa = PBXFileReference; lastKnownFileType = sourcecode.swift; path = ViewController.swift; sourceTree = "<group>"; };
		A3CBB75E200717D800D6A2D5 /* Base */ = {isa = PBXFileReference; lastKnownFileType = file.storyboard; name = Base; path = Base.lproj/Main.storyboard; sourceTree = "<group>"; };
		A3CBB760200717D800D6A2D5 /* Assets.xcassets */ = {isa = PBXFileReference; lastKnownFileType = folder.assetcatalog; path = Assets.xcassets; sourceTree = "<group>"; };
		A3CBB763200717D800D6A2D5 /* Base */ = {isa = PBXFileReference; lastKnownFileType = file.storyboard; name = Base; path = Base.lproj/LaunchScreen.storyboard; sourceTree = "<group>"; };
		A3CBB765200717D800D6A2D5 /* Info.plist */ = {isa = PBXFileReference; lastKnownFileType = text.plist.xml; path = Info.plist; sourceTree = "<group>"; };
		A3CBB76A200717D800D6A2D5 /* TableViewExampleTests.xctest */ = {isa = PBXFileReference; explicitFileType = wrapper.cfbundle; includeInIndex = 0; path = TableViewExampleTests.xctest; sourceTree = BUILT_PRODUCTS_DIR; };
		A3CBB76E200717D800D6A2D5 /* TableViewExampleTests.swift */ = {isa = PBXFileReference; lastKnownFileType = sourcecode.swift; path = TableViewExampleTests.swift; sourceTree = "<group>"; };
		A3CBB770200717D800D6A2D5 /* Info.plist */ = {isa = PBXFileReference; lastKnownFileType = text.plist.xml; path = Info.plist; sourceTree = "<group>"; };
		A3CBB775200717D800D6A2D5 /* TableViewExampleUITests.xctest */ = {isa = PBXFileReference; explicitFileType = wrapper.cfbundle; includeInIndex = 0; path = TableViewExampleUITests.xctest; sourceTree = BUILT_PRODUCTS_DIR; };
		A3CBB779200717D800D6A2D5 /* TableViewExampleUITests.swift */ = {isa = PBXFileReference; lastKnownFileType = sourcecode.swift; path = TableViewExampleUITests.swift; sourceTree = "<group>"; };
		A3CBB77B200717D800D6A2D5 /* Info.plist */ = {isa = PBXFileReference; lastKnownFileType = text.plist.xml; path = Info.plist; sourceTree = "<group>"; };
/* End PBXFileReference section */

/* Begin PBXFrameworksBuildPhase section */
		A3CBB753200717D700D6A2D5 /* Frameworks */ = {
			isa = PBXFrameworksBuildPhase;
			buildActionMask = 2147483647;
			files = (
			);
			runOnlyForDeploymentPostprocessing = 0;
		};
		A3CBB767200717D800D6A2D5 /* Frameworks */ = {
			isa = PBXFrameworksBuildPhase;
			buildActionMask = 2147483647;
			files = (
			);
			runOnlyForDeploymentPostprocessing = 0;
		};
		A3CBB772200717D800D6A2D5 /* Frameworks */ = {
			isa = PBXFrameworksBuildPhase;
			buildActionMask = 2147483647;
			files = (
			);
			runOnlyForDeploymentPostprocessing = 0;
		};
/* End PBXFrameworksBuildPhase section */

/* Begin PBXGroup section */
		A3CBB74D200717D700D6A2D5 = {
			isa = PBXGroup;
			children = (
				A3CBB758200717D700D6A2D5 /* TableViewExample */,
				A3CBB76D200717D800D6A2D5 /* TableViewExampleTests */,
				A3CBB778200717D800D6A2D5 /* TableViewExampleUITests */,
				A3CBB757200717D700D6A2D5 /* Products */,
			);
			sourceTree = "<group>";
		};
		A3CBB757200717D700D6A2D5 /* Products */ = {
			isa = PBXGroup;
			children = (
				A3CBB756200717D700D6A2D5 /* TableViewExample.app */,
				A3CBB76A200717D800D6A2D5 /* TableViewExampleTests.xctest */,
				A3CBB775200717D800D6A2D5 /* TableViewExampleUITests.xctest */,
			);
			name = Products;
			sourceTree = "<group>";
		};
		A3CBB758200717D700D6A2D5 /* TableViewExample */ = {
			isa = PBXGroup;
			children = (
				A3CBB759200717D700D6A2D5 /* AppDelegate.swift */,
				A3CBB75B200717D700D6A2D5 /* ViewController.swift */,
				A3CBB75D200717D800D6A2D5 /* Main.storyboard */,
				A3CBB760200717D800D6A2D5 /* Assets.xcassets */,
				A3CBB762200717D800D6A2D5 /* LaunchScreen.storyboard */,
				A3CBB765200717D800D6A2D5 /* Info.plist */,
			);
			path = TableViewExample;
			sourceTree = "<group>";
		};
		A3CBB76D200717D800D6A2D5 /* TableViewExampleTests */ = {
			isa = PBXGroup;
			children = (
				A3CBB76E200717D800D6A2D5 /* TableViewExampleTests.swift */,
				A3CBB770200717D800D6A2D5 /* Info.plist */,
			);
			path = TableViewExampleTests;
			sourceTree = "<group>";
		};
		A3CBB778200717D800D6A2D5 /* TableViewExampleUITests */ = {
			isa = PBXGroup;
			children = (
				A3CBB779200717D800D6A2D5 /* TableViewExampleUITests.swift */,
				A3CBB77B200717D800D6A2D5 /* Info.plist */,
			);
			path = TableViewExampleUITests;
			sourceTree = "<group>";
		};
/* End PBXGroup section */

/* Begin PBXNativeTarget section */
		A3CBB755200717D700D6A2D5 /* TableViewExample */ = {
			isa = PBXNativeTarget;
			buildConfigurationList = A3CBB77E200717D800D6A2D5 /* Build configuration list for PBXNativeTarget "TableViewExample" */;
			buildPhases = (
				A3CBB752200717D700D6A2D5 /* Sources */,
				A3CBB753200717D700D6A2D5 /* Frameworks */,
				A3CBB754200717D700D6A2D5 /* Resources */,
			);
			buildRules = (
			);
			dependencies = (
			);
			name = TableViewExample;
			productName = TableViewExample;
			productReference = A3CBB756200717D700D6A2D5 /* TableViewExample.app */;
			productType = "com.apple.product-type.application";
		};
		A3CBB769200717D800D6A2D5 /* TableViewExampleTests */ = {
			isa = PBXNativeTarget;
			buildConfigurationList = A3CBB781200717D800D6A2D5 /* Build configuration list for PBXNativeTarget "TableViewExampleTests" */;
			buildPhases = (
				A3CBB766200717D800D6A2D5 /* Sources */,
				A3CBB767200717D800D6A2D5 /* Frameworks */,
				A3CBB768200717D800D6A2D5 /* Resources */,
			);
			buildRules = (
			);
			dependencies = (
				A3CBB76C200717D800D6A2D5 /* PBXTargetDependency */,
			);
			name = TableViewExampleTests;
			productName = TableViewExampleTests;
			productReference = A3CBB76A200717D800D6A2D5 /* TableViewExampleTests.xctest */;
			productType = "com.apple.product-type.bundle.unit-test";
		};
		A3CBB774200717D800D6A2D5 /* TableViewExampleUITests */ = {
			isa = PBXNativeTarget;
			buildConfigurationList = A3CBB784200717D800D6A2D5 /* Build configuration list for PBXNativeTarget "TableViewExampleUITests" */;
			buildPhases = (
				A3CBB771200717D800D6A2D5 /* Sources */,
				A3CBB772200717D800D6A2D5 /* Frameworks */,
				A3CBB773200717D800D6A2D5 /* Resources */,
			);
			buildRules = (
			);
			dependencies = (
				A3CBB777200717D800D6A2D5 /* PBXTargetDependency */,
			);
			name = TableViewExampleUITests;
			productName = TableViewExampleUITests;
			productReference = A3CBB775200717D800D6A2D5 /* TableViewExampleUITests.xctest */;
			productType = "com.apple.product-type.bundle.ui-testing";
		};
/* End PBXNativeTarget section */

/* Begin PBXProject section */
		A3CBB74E200717D700D6A2D5 /* Project object */ = {
			isa = PBXProject;
			attributes = {
				LastSwiftUpdateCheck = 0920;
				LastUpgradeCheck = 0920;
				ORGANIZATIONNAME = Test;
				TargetAttributes = {
					A3CBB755200717D700D6A2D5 = {
						CreatedOnToolsVersion = 9.2;
						ProvisioningStyle = Automatic;
					};
					A3CBB769200717D800D6A2D5 = {
						CreatedOnToolsVersion = 9.2;
						ProvisioningStyle = Automatic;
						TestTargetID = A3CBB755200717D700D6A2D5;
					};
					A3CBB774200717D800D6A2D5 = {
						CreatedOnToolsVersion = 9.2;
						ProvisioningStyle = Automatic;
						TestTargetID = A3CBB755200717D700D6A2D5;
					};
				};
			};
			buildConfigurationList = A3CBB751200717D700D6A2D5 /* Build configuration list for PBXProject "TableViewExample" */;
			compatibilityVersion = "Xcode 8.0";
			developmentRegion = en;
			hasScannedForEncodings = 0;
			knownRegions = (
				en,
				Base,
			);
			mainGroup = A3CBB74D200717D700D6A2D5;
			productRefGroup = A3CBB757200717D700D6A2D5 /* Products */;
			projectDirPath = "";
			projectRoot = "";
			targets = (
				A3CBB755200717D700D6A2D5 /* TableViewExample */,
				A3CBB769200717D800D6A2D5 /* TableViewExampleTests */,
				A3CBB774200717D800D6A2D5 /* TableViewExampleUITests */,
			);
		};
/* End PBXProject section */

/* Begin PBXResourcesBuildPhase section */
		A3CBB754200717D700D6A2D5 /* Resources */ = {
			isa = PBXResourcesBuildPhase;
			buildActionMask = 2147483647;
			files = (
				A3CBB764200717D800D6A2D5 /* LaunchScreen.storyboard in Resources */,
				A3CBB761200717D800D6A2D5 /* Assets.xcassets in Resources */,
				A3CBB75F200717D800D6A2D5 /* Main.storyboard in Resources */,
			);
			runOnlyForDeploymentPostprocessing = 0;
		};
		A3CBB768200717D800D6A2D5 /* Resources */ = {
			isa = PBXResourcesBuildPhase;
			buildActionMask = 2147483647;
			files = (
			);
			runOnlyForDeploymentPostprocessing = 0;
		};
		A3CBB773200717D800D6A2D5 /* Resources */ = {
			isa = PBXResourcesBuildPhase;
			buildActionMask = 2147483647;
			files = (
			);
			runOnlyForDeploymentPostprocessing = 0;
		};
/* End PBXResourcesBuildPhase section */

/* Begin PBXSourcesBuildPhase section */
		A3CBB752200717D700D6A2D5 /* Sources */ = {
			isa = PBXSourcesBuildPhase;
			buildActionMask = 2147483647;
			files = (
				A3CBB75C200717D700D6A2D5 /* ViewController.swift in Sources */,
				A3CBB75A200717D700D6A2D5 /* AppDelegate.swift in Sources */,
			);
			runOnlyForDeploymentPostprocessing = 0;
		};
		A3CBB766200717D800D6A2D5 /* Sources */ = {
			isa = PBXSourcesBuildPhase;
			buildActionMask = 2147483647;
			files = (
				A3CBB76F200717D800D6A2D5 /* TableViewExampleTests.swift in Sources */,
			);
			runOnlyForDeploymentPostprocessing = 0;
		};
		A3CBB771200717D800D6A2D5 /* Sources */ = {
			isa = PBXSourcesBuildPhase;
			buildActionMask = 2147483647;
			files = (
				A3CBB77A200717D800D6A2D5 /* TableViewExampleUITests.swift in Sources */,
			);
			runOnlyForDeploymentPostprocessing = 0;
		};
/* End PBXSourcesBuildPhase section */

/* Begin PBXTargetDependency section */
		A3CBB76C200717D800D6A2D5 /* PBXTargetDependency */ = {
			isa = PBXTargetDependency;
			target = A3CBB755200717D700D6A2D5 /* TableViewExample */;
			targetProxy = A3CBB76B200717D800D6A2D5 /* PBXContainerItemProxy */;
		};
		A3CBB777200717D800D6A2D5 /* PBXTargetDependency */ = {
			isa = PBXTargetDependency;
			target = A3CBB755200717D700D6A2D5 /* TableViewExample */;
			targetProxy = A3CBB776200717D800D6A2D5 /* PBXContainerItemProxy */;
		};
/* End PBXTargetDependency section */

/* Begin PBXVariantGroup section */
		A3CBB75D200717D800D6A2D5 /* Main.storyboard */ = {
			isa = PBXVariantGroup;
			children = (
				A3CBB75E200717D800D6A2D5 /* Base */,
			);
			name = Main.storyboard;
			sourceTree = "<group>";
		};
		A3CBB762200717D800D6A2D5 /* LaunchScreen.storyboard */ = {
			isa = PBXVariantGroup;
			children = (
				A3CBB763200717D800D6A2D5 /* Base */,
			);
			name = LaunchScreen.storyboard;
			sourceTree = "<group>";
		};
/* End PBXVariantGroup section */

/* Begin XCBuildConfiguration section */
		A3CBB77C200717D800D6A2D5 /* Debug */ = {
			isa = XCBuildConfiguration;
			buildSettings = {
				ALWAYS_SEARCH_USER_PATHS = NO;
				CLANG_ANALYZER_NONNULL = YES;
				CLANG_ANALYZER_NUMBER_OBJECT_CONVERSION = YES_AGGRESSIVE;
				CLANG_CXX_LANGUAGE_STANDARD = "gnu++14";
				CLANG_CXX_LIBRARY = "libc++";
				CLANG_ENABLE_MODULES = YES;
				CLANG_ENABLE_OBJC_ARC = YES;
				CLANG_WARN_BLOCK_CAPTURE_AUTORELEASING = YES;
				CLANG_WARN_BOOL_CONVERSION = YES;
				CLANG_WARN_COMMA = YES;
				CLANG_WARN_CONSTANT_CONVERSION = YES;
				CLANG_WARN_DIRECT_OBJC_ISA_USAGE = YES_ERROR;
				CLANG_WARN_DOCUMENTATION_COMMENTS = YES;
				CLANG_WARN_EMPTY_BODY = YES;
				CLANG_WARN_ENUM_CONVERSION = YES;
				CLANG_WARN_INFINITE_RECURSION = YES;
				CLANG_WARN_INT_CONVERSION = YES;
				CLANG_WARN_NON_LITERAL_NULL_CONVERSION = YES;
				CLANG_WARN_OBJC_LITERAL_CONVERSION = YES;
				CLANG_WARN_OBJC_ROOT_CLASS = YES_ERROR;
				CLANG_WARN_RANGE_LOOP_ANALYSIS = YES;
				CLANG_WARN_STRICT_PROTOTYPES = YES;
				CLANG_WARN_SUSPICIOUS_MOVE = YES;
				CLANG_WARN_UNGUARDED_AVAILABILITY = YES_AGGRESSIVE;
				CLANG_WARN_UNREACHABLE_CODE = YES;
				CLANG_WARN__DUPLICATE_METHOD_MATCH = YES;
				CODE_SIGN_IDENTITY = "iPhone Developer";
				COPY_PHASE_STRIP = NO;
				DEBUG_INFORMATION_FORMAT = dwarf;
				ENABLE_STRICT_OBJC_MSGSEND = YES;
				ENABLE_TESTABILITY = YES;
				GCC_C_LANGUAGE_STANDARD = gnu11;
				GCC_DYNAMIC_NO_PIC = NO;
				GCC_NO_COMMON_BLOCKS = YES;
				GCC_OPTIMIZATION_LEVEL = 0;
				GCC_PREPROCESSOR_DEFINITIONS = (
					"DEBUG=1",
					"$(inherited)",
				);
				GCC_WARN_64_TO_32_BIT_CONVERSION = YES;
				GCC_WARN_ABOUT_RETURN_TYPE = YES_ERROR;
				GCC_WARN_UNDECLARED_SELECTOR = YES;
				GCC_WARN_UNINITIALIZED_AUTOS = YES_AGGRESSIVE;
				GCC_WARN_UNUSED_FUNCTION = YES;
				GCC_WARN_UNUSED_VARIABLE = YES;
				IPHONEOS_DEPLOYMENT_TARGET = 11.2;
				MTL_ENABLE_DEBUG_INFO = YES;
				ONLY_ACTIVE_ARCH = YES;
				SDKROOT = iphoneos;
				SWIFT_ACTIVE_COMPILATION_CONDITIONS = DEBUG;
				SWIFT_OPTIMIZATION_LEVEL = "-Onone";
			};
			name = Debug;
		};
		A3CBB77D200717D800D6A2D5 /* Release */ = {
			isa = XCBuildConfiguration;
			buildSettings = {
				ALWAYS_SEARCH_USER_PATHS = NO;
				CLANG_ANALYZER_NONNULL = YES;
				CLANG_ANALYZER_NUMBER_OBJECT_CONVERSION = YES_AGGRESSIVE;
				CLANG_CXX_LANGUAGE_STANDARD = "gnu++14";
				CLANG_CXX_LIBRARY = "libc++";
				CLANG_ENABLE_MODULES = YES;
				CLANG_ENABLE_OBJC_ARC = YES;
				CLANG_WARN_BLOCK_CAPTURE_AUTORELEASING = YES;
				CLANG_WARN_BOOL_CONVERSION = YES;
				CLANG_WARN_COMMA = YES;
				CLANG_WARN_CONSTANT_CONVERSION = YES;
				CLANG_WARN_DIRECT_OBJC_ISA_USAGE = YES_ERROR;
				CLANG_WARN_DOCUMENTATION_COMMENTS = YES;
				CLANG_WARN_EMPTY_BODY = YES;
				CLANG_WARN_ENUM_CONVERSION = YES;
				CLANG_WARN_INFINITE_RECURSION = YES;
				CLANG_WARN_INT_CONVERSION = YES;
				CLANG_WARN_NON_LITERAL_NULL_CONVERSION = YES;
				CLANG_WARN_OBJC_LITERAL_CONVERSION = YES;
				CLANG_WARN_OBJC_ROOT_CLASS = YES_ERROR;
				CLANG_WARN_RANGE_LOOP_ANALYSIS = YES;
				CLANG_WARN_STRICT_PROTOTYPES = YES;
				CLANG_WARN_SUSPICIOUS_MOVE = YES;
				CLANG_WARN_UNGUARDED_AVAILABILITY = YES_AGGRESSIVE;
				CLANG_WARN_UNREACHABLE_CODE = YES;
				CLANG_WARN__DUPLICATE_METHOD_MATCH = YES;
				CODE_SIGN_IDENTITY = "iPhone Developer";
				COPY_PHASE_STRIP = NO;
				DEBUG_INFORMATION_FORMAT = "dwarf-with-dsym";
				ENABLE_NS_ASSERTIONS = NO;
				ENABLE_STRICT_OBJC_MSGSEND = YES;
				GCC_C_LANGUAGE_STANDARD = gnu11;
				GCC_NO_COMMON_BLOCKS = YES;
				GCC_WARN_64_TO_32_BIT_CONVERSION = YES;
				GCC_WARN_ABOUT_RETURN_TYPE = YES_ERROR;
				GCC_WARN_UNDECLARED_SELECTOR = YES;
				GCC_WARN_UNINITIALIZED_AUTOS = YES_AGGRESSIVE;
				GCC_WARN_UNUSED_FUNCTION = YES;
				GCC_WARN_UNUSED_VARIABLE = YES;
				IPHONEOS_DEPLOYMENT_TARGET = 11.2;
				MTL_ENABLE_DEBUG_INFO = NO;
				SDKROOT = iphoneos;
				SWIFT_OPTIMIZATION_LEVEL = "-Owholemodule";
				VALIDATE_PRODUCT = YES;
			};
			name = Release;
		};
		A3CBB77F200717D800D6A2D5 /* Debug */ = {
			isa = XCBuildConfiguration;
			buildSettings = {
				ASSETCATALOG_COMPILER_APPICON_NAME = AppIcon;
				CODE_SIGN_STYLE = Automatic;
				DEVELOPMENT_TEAM = K47XFPHWTJ;
				INFOPLIST_FILE = TableViewExample/Info.plist;
				LD_RUNPATH_SEARCH_PATHS = "$(inherited) @executable_path/Frameworks";
				PRODUCT_BUNDLE_IDENTIFIER = Test.TableViewExample;
				PRODUCT_NAME = "$(TARGET_NAME)";
				SWIFT_VERSION = 4.0;
				TARGETED_DEVICE_FAMILY = "1,2";
			};
			name = Debug;
		};
		A3CBB780200717D800D6A2D5 /* Release */ = {
			isa = XCBuildConfiguration;
			buildSettings = {
				ASSETCATALOG_COMPILER_APPICON_NAME = AppIcon;
				CODE_SIGN_STYLE = Automatic;
				DEVELOPMENT_TEAM = K47XFPHWTJ;
				INFOPLIST_FILE = TableViewExample/Info.plist;
				LD_RUNPATH_SEARCH_PATHS = "$(inherited) @executable_path/Frameworks";
				PRODUCT_BUNDLE_IDENTIFIER = Test.TableViewExample;
				PRODUCT_NAME = "$(TARGET_NAME)";
				SWIFT_VERSION = 4.0;
				TARGETED_DEVICE_FAMILY = "1,2";
			};
			name = Release;
		};
		A3CBB782200717D800D6A2D5 /* Debug */ = {
			isa = XCBuildConfiguration;
			buildSettings = {
				ALWAYS_EMBED_SWIFT_STANDARD_LIBRARIES = YES;
				BUNDLE_LOADER = "$(TEST_HOST)";
				CODE_SIGN_STYLE = Automatic;
				DEVELOPMENT_TEAM = K47XFPHWTJ;
				INFOPLIST_FILE = TableViewExampleTests/Info.plist;
				LD_RUNPATH_SEARCH_PATHS = "$(inherited) @executable_path/Frameworks @loader_path/Frameworks";
				PRODUCT_BUNDLE_IDENTIFIER = Test.TableViewExampleTests;
				PRODUCT_NAME = "$(TARGET_NAME)";
				SWIFT_VERSION = 4.0;
				TARGETED_DEVICE_FAMILY = "1,2";
				TEST_HOST = "$(BUILT_PRODUCTS_DIR)/TableViewExample.app/TableViewExample";
			};
			name = Debug;
		};
		A3CBB783200717D800D6A2D5 /* Release */ = {
			isa = XCBuildConfiguration;
			buildSettings = {
				ALWAYS_EMBED_SWIFT_STANDARD_LIBRARIES = YES;
				BUNDLE_LOADER = "$(TEST_HOST)";
				CODE_SIGN_STYLE = Automatic;
				DEVELOPMENT_TEAM = K47XFPHWTJ;
				INFOPLIST_FILE = TableViewExampleTests/Info.plist;
				LD_RUNPATH_SEARCH_PATHS = "$(inherited) @executable_path/Frameworks @loader_path/Frameworks";
				PRODUCT_BUNDLE_IDENTIFIER = Test.TableViewExampleTests;
				PRODUCT_NAME = "$(TARGET_NAME)";
				SWIFT_VERSION = 4.0;
				TARGETED_DEVICE_FAMILY = "1,2";
				TEST_HOST = "$(BUILT_PRODUCTS_DIR)/TableViewExample.app/TableViewExample";
			};
			name = Release;
		};
		A3CBB785200717D800D6A2D5 /* Debug */ = {
			isa = XCBuildConfiguration;
			buildSettings = {
				ALWAYS_EMBED_SWIFT_STANDARD_LIBRARIES = YES;
				CODE_SIGN_STYLE = Automatic;
				DEVELOPMENT_TEAM = K47XFPHWTJ;
				INFOPLIST_FILE = TableViewExampleUITests/Info.plist;
				LD_RUNPATH_SEARCH_PATHS = "$(inherited) @executable_path/Frameworks @loader_path/Frameworks";
				PRODUCT_BUNDLE_IDENTIFIER = Test.TableViewExampleUITests;
				PRODUCT_NAME = "$(TARGET_NAME)";
				SWIFT_VERSION = 4.0;
				TARGETED_DEVICE_FAMILY = "1,2";
				TEST_TARGET_NAME = TableViewExample;
			};
			name = Debug;
		};
		A3CBB786200717D800D6A2D5 /* Release */ = {
			isa = XCBuildConfiguration;
			buildSettings = {
				ALWAYS_EMBED_SWIFT_STANDARD_LIBRARIES = YES;
				CODE_SIGN_STYLE = Automatic;
				DEVELOPMENT_TEAM = K47XFPHWTJ;
				INFOPLIST_FILE = TableViewExampleUITests/Info.plist;
				LD_RUNPATH_SEARCH_PATHS = "$(inherited) @executable_path/Frameworks @loader_path/Frameworks";
				PRODUCT_BUNDLE_IDENTIFIER = Test.TableViewExampleUITests;
				PRODUCT_NAME = "$(TARGET_NAME)";
				SWIFT_VERSION = 4.0;
				TARGETED_DEVICE_FAMILY = "1,2";
				TEST_TARGET_NAME = TableViewExample;
			};
			name = Release;
		};
/* End XCBuildConfiguration section */

/* Begin XCConfigurationList section */
		A3CBB751200717D700D6A2D5 /* Build configuration list for PBXProject "TableViewExample" */ = {
			isa = XCConfigurationList;
			buildConfigurations = (
				A3CBB77C200717D800D6A2D5 /* Debug */,
				A3CBB77D200717D800D6A2D5 /* Release */,
			);
			defaultConfigurationIsVisible = 0;
			defaultConfigurationName = Release;
		};
		A3CBB77E200717D800D6A2D5 /* Build configuration list for PBXNativeTarget "TableViewExample" */ = {
			isa = XCConfigurationList;
			buildConfigurations = (
				A3CBB77F200717D800D6A2D5 /* Debug */,
				A3CBB780200717D800D6A2D5 /* Release */,
			);
			defaultConfigurationIsVisible = 0;
			defaultConfigurationName = Release;
		};
		A3CBB781200717D800D6A2D5 /* Build configuration list for PBXNativeTarget "TableViewExampleTests" */ = {
			isa = XCConfigurationList;
			buildConfigurations = (
				A3CBB782200717D800D6A2D5 /* Debug */,
				A3CBB783200717D800D6A2D5 /* Release */,
			);
			defaultConfigurationIsVisible = 0;
			defaultConfigurationName = Release;
		};
		A3CBB784200717D800D6A2D5 /* Build configuration list for PBXNativeTarget "TableViewExampleUITests" */ = {
			isa = XCConfigurationList;
			buildConfigurations = (
				A3CBB785200717D800D6A2D5 /* Debug */,
				A3CBB786200717D800D6A2D5 /* Release */,
			);
			defaultConfigurationIsVisible = 0;
			defaultConfigurationName = Release;
		};
/* End XCConfigurationList section */
	};
	rootObject = A3CBB74E200717D700D6A2D5 /* Project object */;
}
